// !$*UTF8*$!
{
	archiveVersion = 1;
	classes = {
	};
	objectVersion = 55;
	objects = {

/* Begin PBXBuildFile section */
		662FE8AC27AD861900E826F6 /* FeedCardsViewModelCellTests.swift in Sources */ = {isa = PBXBuildFile; fileRef = 662FE8AB27AD861900E826F6 /* FeedCardsViewModelCellTests.swift */; };
		662FE8AE27AD8C0500E826F6 /* response_feed_mock_test.json in Resources */ = {isa = PBXBuildFile; fileRef = 662FE8AD27AD8C0500E826F6 /* response_feed_mock_test.json */; };
		662FE8B027AD8DE400E826F6 /* FeedManagerTests.swift in Sources */ = {isa = PBXBuildFile; fileRef = 662FE8AF27AD8DE400E826F6 /* FeedManagerTests.swift */; };
		667B97D727622A26007C97C9 /* AppDelegate.swift in Sources */ = {isa = PBXBuildFile; fileRef = 667B97D627622A26007C97C9 /* AppDelegate.swift */; };
		667B97D927622A26007C97C9 /* SceneDelegate.swift in Sources */ = {isa = PBXBuildFile; fileRef = 667B97D827622A26007C97C9 /* SceneDelegate.swift */; };
		667B97E027622A28007C97C9 /* Assets.xcassets in Resources */ = {isa = PBXBuildFile; fileRef = 667B97DF27622A28007C97C9 /* Assets.xcassets */; };
		667B97E327622A28007C97C9 /* LaunchScreen.storyboard in Resources */ = {isa = PBXBuildFile; fileRef = 667B97E127622A28007C97C9 /* LaunchScreen.storyboard */; };
		667B97F027622C46007C97C9 /* UIImageViewExtension.swift in Sources */ = {isa = PBXBuildFile; fileRef = 667B97EF27622C46007C97C9 /* UIImageViewExtension.swift */; };
		667B97F327622CCF007C97C9 /* response_feed_mock.json in Resources */ = {isa = PBXBuildFile; fileRef = 667B97F227622CCF007C97C9 /* response_feed_mock.json */; };
		667B97F627622D1A007C97C9 /* TagType.swift in Sources */ = {isa = PBXBuildFile; fileRef = 667B97F527622D1A007C97C9 /* TagType.swift */; };
		667B97FB27622EA9007C97C9 /* FeedCardsViewController.swift in Sources */ = {isa = PBXBuildFile; fileRef = 667B97FA27622EA9007C97C9 /* FeedCardsViewController.swift */; };
		667B97FD27622F24007C97C9 /* FeedCardsTableViewCell.swift in Sources */ = {isa = PBXBuildFile; fileRef = 667B97FC27622F24007C97C9 /* FeedCardsTableViewCell.swift */; };
		667B97FF27622F7E007C97C9 /* FeedCardsViewModel.swift in Sources */ = {isa = PBXBuildFile; fileRef = 667B97FE27622F7E007C97C9 /* FeedCardsViewModel.swift */; };
		667B980127622F85007C97C9 /* FeedCardsViewModelProtocol.swift in Sources */ = {isa = PBXBuildFile; fileRef = 667B980027622F85007C97C9 /* FeedCardsViewModelProtocol.swift */; };
		667B980627622FEF007C97C9 /* FeedResult.swift in Sources */ = {isa = PBXBuildFile; fileRef = 667B980527622FEF007C97C9 /* FeedResult.swift */; };
		667B980827623012007C97C9 /* ImageBusinessProtocol.swift in Sources */ = {isa = PBXBuildFile; fileRef = 667B980727623012007C97C9 /* ImageBusinessProtocol.swift */; };
		667B980A2762301C007C97C9 /* ImageBusiness.swift in Sources */ = {isa = PBXBuildFile; fileRef = 667B98092762301C007C97C9 /* ImageBusiness.swift */; };
		667B980D27623064007C97C9 /* FeedManagerProtocol.swift in Sources */ = {isa = PBXBuildFile; fileRef = 667B980C27623064007C97C9 /* FeedManagerProtocol.swift */; };
		667B980F27623076007C97C9 /* FeedManager.swift in Sources */ = {isa = PBXBuildFile; fileRef = 667B980E27623076007C97C9 /* FeedManager.swift */; };
		667B98122762309A007C97C9 /* AsyncOperation.swift in Sources */ = {isa = PBXBuildFile; fileRef = 667B98112762309A007C97C9 /* AsyncOperation.swift */; };
		667B9814276230B2007C97C9 /* FeedDataOperation.swift in Sources */ = {isa = PBXBuildFile; fileRef = 667B9813276230B2007C97C9 /* FeedDataOperation.swift */; };
		667B9818276230E8007C97C9 /* NetworkError.swift in Sources */ = {isa = PBXBuildFile; fileRef = 667B9817276230E8007C97C9 /* NetworkError.swift */; };
		667B981B27623113007C97C9 /* FeedAPIProviderProtocol.swift in Sources */ = {isa = PBXBuildFile; fileRef = 667B981A27623113007C97C9 /* FeedAPIProviderProtocol.swift */; };
		667B981D27623130007C97C9 /* FeedAPIProvider.swift in Sources */ = {isa = PBXBuildFile; fileRef = 667B981C27623130007C97C9 /* FeedAPIProvider.swift */; };
		667B981F27623160007C97C9 /* FeedAPIProviderMock.swift in Sources */ = {isa = PBXBuildFile; fileRef = 667B981E27623160007C97C9 /* FeedAPIProviderMock.swift */; };
		667B9821276231A5007C97C9 /* ShadowView.swift in Sources */ = {isa = PBXBuildFile; fileRef = 667B9820276231A5007C97C9 /* ShadowView.swift */; };
		6680784827AD6EEE00E2C1B9 /* FeedCardsViewModelCellProtocol.swift in Sources */ = {isa = PBXBuildFile; fileRef = 6680784727AD6EEE00E2C1B9 /* FeedCardsViewModelCellProtocol.swift */; };
		6680784A27AD6F3F00E2C1B9 /* FeedCardsViewModelCell.swift in Sources */ = {isa = PBXBuildFile; fileRef = 6680784927AD6F3F00E2C1B9 /* FeedCardsViewModelCell.swift */; };
		6688446027AC23CB00C072E4 /* OperationState.swift in Sources */ = {isa = PBXBuildFile; fileRef = 6688445F27AC23CB00C072E4 /* OperationState.swift */; };
		6688446227AC24ED00C072E4 /* CGFloatExtension.swift in Sources */ = {isa = PBXBuildFile; fileRef = 6688446127AC24ED00C072E4 /* CGFloatExtension.swift */; };
		6688446427AC2C8D00C072E4 /* UIFontExtension.swift in Sources */ = {isa = PBXBuildFile; fileRef = 6688446327AC2C8D00C072E4 /* UIFontExtension.swift */; };
		668844A727AC89ED00C072E4 /* StringExtension.swift in Sources */ = {isa = PBXBuildFile; fileRef = 668844A627AC89ED00C072E4 /* StringExtension.swift */; };
		668844A927AC91B600C072E4 /* LocalizableStrings.swift in Sources */ = {isa = PBXBuildFile; fileRef = 668844A827AC91B600C072E4 /* LocalizableStrings.swift */; };
		668844AC27AC93DF00C072E4 /* Localizable.strings in Resources */ = {isa = PBXBuildFile; fileRef = 668844AE27AC93DF00C072E4 /* Localizable.strings */; };
		8F60603CC776DEF7AEDCCE9C /* Pods_FeedCards.framework in Frameworks */ = {isa = PBXBuildFile; fileRef = B0B2F4BF4315CC9706FABC38 /* Pods_FeedCards.framework */; };
/* End PBXBuildFile section */

/* Begin PBXContainerItemProxy section */
		667B982A27623311007C97C9 /* PBXContainerItemProxy */ = {
			isa = PBXContainerItemProxy;
			containerPortal = 667B97CB27622A26007C97C9 /* Project object */;
			proxyType = 1;
			remoteGlobalIDString = 667B97D227622A26007C97C9;
			remoteInfo = FeedCards;
		};
/* End PBXContainerItemProxy section */

/* Begin PBXFileReference section */
		0C47C13BE4791B7A752D65AE /* Pods-FeedCards.debug.xcconfig */ = {isa = PBXFileReference; includeInIndex = 1; lastKnownFileType = text.xcconfig; name = "Pods-FeedCards.debug.xcconfig"; path = "Target Support Files/Pods-FeedCards/Pods-FeedCards.debug.xcconfig"; sourceTree = "<group>"; };
		662FE8AB27AD861900E826F6 /* FeedCardsViewModelCellTests.swift */ = {isa = PBXFileReference; lastKnownFileType = sourcecode.swift; path = FeedCardsViewModelCellTests.swift; sourceTree = "<group>"; };
		662FE8AD27AD8C0500E826F6 /* response_feed_mock_test.json */ = {isa = PBXFileReference; fileEncoding = 4; lastKnownFileType = text.json; path = response_feed_mock_test.json; sourceTree = "<group>"; };
		662FE8AF27AD8DE400E826F6 /* FeedManagerTests.swift */ = {isa = PBXFileReference; lastKnownFileType = sourcecode.swift; path = FeedManagerTests.swift; sourceTree = "<group>"; };
		667B97D327622A26007C97C9 /* FeedCards.app */ = {isa = PBXFileReference; explicitFileType = wrapper.application; includeInIndex = 0; path = FeedCards.app; sourceTree = BUILT_PRODUCTS_DIR; };
		667B97D627622A26007C97C9 /* AppDelegate.swift */ = {isa = PBXFileReference; lastKnownFileType = sourcecode.swift; path = AppDelegate.swift; sourceTree = "<group>"; };
		667B97D827622A26007C97C9 /* SceneDelegate.swift */ = {isa = PBXFileReference; lastKnownFileType = sourcecode.swift; path = SceneDelegate.swift; sourceTree = "<group>"; };
		667B97DF27622A28007C97C9 /* Assets.xcassets */ = {isa = PBXFileReference; lastKnownFileType = folder.assetcatalog; path = Assets.xcassets; sourceTree = "<group>"; };
		667B97E227622A28007C97C9 /* Base */ = {isa = PBXFileReference; lastKnownFileType = file.storyboard; name = Base; path = Base.lproj/LaunchScreen.storyboard; sourceTree = "<group>"; };
		667B97E427622A28007C97C9 /* Info.plist */ = {isa = PBXFileReference; lastKnownFileType = text.plist.xml; path = Info.plist; sourceTree = "<group>"; };
		667B97EF27622C46007C97C9 /* UIImageViewExtension.swift */ = {isa = PBXFileReference; lastKnownFileType = sourcecode.swift; path = UIImageViewExtension.swift; sourceTree = "<group>"; };
		667B97F227622CCF007C97C9 /* response_feed_mock.json */ = {isa = PBXFileReference; fileEncoding = 4; lastKnownFileType = text.json; path = response_feed_mock.json; sourceTree = "<group>"; };
		667B97F527622D1A007C97C9 /* TagType.swift */ = {isa = PBXFileReference; lastKnownFileType = sourcecode.swift; path = TagType.swift; sourceTree = "<group>"; };
		667B97FA27622EA9007C97C9 /* FeedCardsViewController.swift */ = {isa = PBXFileReference; lastKnownFileType = sourcecode.swift; path = FeedCardsViewController.swift; sourceTree = "<group>"; };
		667B97FC27622F24007C97C9 /* FeedCardsTableViewCell.swift */ = {isa = PBXFileReference; lastKnownFileType = sourcecode.swift; path = FeedCardsTableViewCell.swift; sourceTree = "<group>"; };
		667B97FE27622F7E007C97C9 /* FeedCardsViewModel.swift */ = {isa = PBXFileReference; lastKnownFileType = sourcecode.swift; path = FeedCardsViewModel.swift; sourceTree = "<group>"; };
		667B980027622F85007C97C9 /* FeedCardsViewModelProtocol.swift */ = {isa = PBXFileReference; lastKnownFileType = sourcecode.swift; path = FeedCardsViewModelProtocol.swift; sourceTree = "<group>"; };
		667B980527622FEF007C97C9 /* FeedResult.swift */ = {isa = PBXFileReference; lastKnownFileType = sourcecode.swift; path = FeedResult.swift; sourceTree = "<group>"; };
		667B980727623012007C97C9 /* ImageBusinessProtocol.swift */ = {isa = PBXFileReference; lastKnownFileType = sourcecode.swift; path = ImageBusinessProtocol.swift; sourceTree = "<group>"; };
		667B98092762301C007C97C9 /* ImageBusiness.swift */ = {isa = PBXFileReference; lastKnownFileType = sourcecode.swift; path = ImageBusiness.swift; sourceTree = "<group>"; };
		667B980C27623064007C97C9 /* FeedManagerProtocol.swift */ = {isa = PBXFileReference; lastKnownFileType = sourcecode.swift; path = FeedManagerProtocol.swift; sourceTree = "<group>"; };
		667B980E27623076007C97C9 /* FeedManager.swift */ = {isa = PBXFileReference; lastKnownFileType = sourcecode.swift; path = FeedManager.swift; sourceTree = "<group>"; };
		667B98112762309A007C97C9 /* AsyncOperation.swift */ = {isa = PBXFileReference; lastKnownFileType = sourcecode.swift; path = AsyncOperation.swift; sourceTree = "<group>"; };
		667B9813276230B2007C97C9 /* FeedDataOperation.swift */ = {isa = PBXFileReference; lastKnownFileType = sourcecode.swift; path = FeedDataOperation.swift; sourceTree = "<group>"; };
		667B9817276230E8007C97C9 /* NetworkError.swift */ = {isa = PBXFileReference; lastKnownFileType = sourcecode.swift; path = NetworkError.swift; sourceTree = "<group>"; };
		667B981A27623113007C97C9 /* FeedAPIProviderProtocol.swift */ = {isa = PBXFileReference; lastKnownFileType = sourcecode.swift; path = FeedAPIProviderProtocol.swift; sourceTree = "<group>"; };
		667B981C27623130007C97C9 /* FeedAPIProvider.swift */ = {isa = PBXFileReference; lastKnownFileType = sourcecode.swift; path = FeedAPIProvider.swift; sourceTree = "<group>"; };
		667B981E27623160007C97C9 /* FeedAPIProviderMock.swift */ = {isa = PBXFileReference; lastKnownFileType = sourcecode.swift; path = FeedAPIProviderMock.swift; sourceTree = "<group>"; };
		667B9820276231A5007C97C9 /* ShadowView.swift */ = {isa = PBXFileReference; lastKnownFileType = sourcecode.swift; path = ShadowView.swift; sourceTree = "<group>"; };
		667B982627623311007C97C9 /* FeedCardsTests.xctest */ = {isa = PBXFileReference; explicitFileType = wrapper.cfbundle; includeInIndex = 0; path = FeedCardsTests.xctest; sourceTree = BUILT_PRODUCTS_DIR; };
		6680784727AD6EEE00E2C1B9 /* FeedCardsViewModelCellProtocol.swift */ = {isa = PBXFileReference; lastKnownFileType = sourcecode.swift; path = FeedCardsViewModelCellProtocol.swift; sourceTree = "<group>"; };
		6680784927AD6F3F00E2C1B9 /* FeedCardsViewModelCell.swift */ = {isa = PBXFileReference; lastKnownFileType = sourcecode.swift; path = FeedCardsViewModelCell.swift; sourceTree = "<group>"; };
		6688445F27AC23CB00C072E4 /* OperationState.swift */ = {isa = PBXFileReference; lastKnownFileType = sourcecode.swift; path = OperationState.swift; sourceTree = "<group>"; };
		6688446127AC24ED00C072E4 /* CGFloatExtension.swift */ = {isa = PBXFileReference; lastKnownFileType = sourcecode.swift; path = CGFloatExtension.swift; sourceTree = "<group>"; };
		6688446327AC2C8D00C072E4 /* UIFontExtension.swift */ = {isa = PBXFileReference; lastKnownFileType = sourcecode.swift; path = UIFontExtension.swift; sourceTree = "<group>"; };
		668844A627AC89ED00C072E4 /* StringExtension.swift */ = {isa = PBXFileReference; lastKnownFileType = sourcecode.swift; path = StringExtension.swift; sourceTree = "<group>"; };
		668844A827AC91B600C072E4 /* LocalizableStrings.swift */ = {isa = PBXFileReference; lastKnownFileType = sourcecode.swift; path = LocalizableStrings.swift; sourceTree = "<group>"; };
		668844AD27AC93DF00C072E4 /* en */ = {isa = PBXFileReference; lastKnownFileType = text.plist.strings; name = en; path = en.lproj/Localizable.strings; sourceTree = "<group>"; };
		B0B2F4BF4315CC9706FABC38 /* Pods_FeedCards.framework */ = {isa = PBXFileReference; explicitFileType = wrapper.framework; includeInIndex = 0; path = Pods_FeedCards.framework; sourceTree = BUILT_PRODUCTS_DIR; };
		FF0AAD75F5125404AC0364EE /* Pods-FeedCards.release.xcconfig */ = {isa = PBXFileReference; includeInIndex = 1; lastKnownFileType = text.xcconfig; name = "Pods-FeedCards.release.xcconfig"; path = "Target Support Files/Pods-FeedCards/Pods-FeedCards.release.xcconfig"; sourceTree = "<group>"; };
/* End PBXFileReference section */

/* Begin PBXFrameworksBuildPhase section */
		667B97D027622A26007C97C9 /* Frameworks */ = {
			isa = PBXFrameworksBuildPhase;
			buildActionMask = 2147483647;
			files = (
				8F60603CC776DEF7AEDCCE9C /* Pods_FeedCards.framework in Frameworks */,
			);
			runOnlyForDeploymentPostprocessing = 0;
		};
		667B982327623311007C97C9 /* Frameworks */ = {
			isa = PBXFrameworksBuildPhase;
			buildActionMask = 2147483647;
			files = (
			);
			runOnlyForDeploymentPostprocessing = 0;
		};
/* End PBXFrameworksBuildPhase section */

/* Begin PBXGroup section */
		141934229BCDF2951CC0BD24 /* Frameworks */ = {
			isa = PBXGroup;
			children = (
				B0B2F4BF4315CC9706FABC38 /* Pods_FeedCards.framework */,
			);
			name = Frameworks;
			sourceTree = "<group>";
		};
		667B97CA27622A26007C97C9 = {
			isa = PBXGroup;
			children = (
				667B97D527622A26007C97C9 /* FeedCards */,
				667B982727623311007C97C9 /* FeedCardsTests */,
				667B97D427622A26007C97C9 /* Products */,
				C1F6898471DA4FA8CFCAD2DA /* Pods */,
				141934229BCDF2951CC0BD24 /* Frameworks */,
			);
			sourceTree = "<group>";
		};
		667B97D427622A26007C97C9 /* Products */ = {
			isa = PBXGroup;
			children = (
				667B97D327622A26007C97C9 /* FeedCards.app */,
				667B982627623311007C97C9 /* FeedCardsTests.xctest */,
			);
			name = Products;
			sourceTree = "<group>";
		};
		667B97D527622A26007C97C9 /* FeedCards */ = {
			isa = PBXGroup;
			children = (
				6688446527AC36FF00C072E4 /* Features */,
				667B97ED27622B86007C97C9 /* Resources */,
				667B97D627622A26007C97C9 /* AppDelegate.swift */,
				667B97D827622A26007C97C9 /* SceneDelegate.swift */,
				667B97DF27622A28007C97C9 /* Assets.xcassets */,
				667B97E127622A28007C97C9 /* LaunchScreen.storyboard */,
				667B97E427622A28007C97C9 /* Info.plist */,
			);
			path = FeedCards;
			sourceTree = "<group>";
		};
		667B97EA27622B75007C97C9 /* Model */ = {
			isa = PBXGroup;
			children = (
				667B980227622FCD007C97C9 /* Business */,
				667B980327622FD8007C97C9 /* Entity */,
				667B980B27623050007C97C9 /* Manager */,
				667B981027623089007C97C9 /* Operations */,
				667B9815276230CB007C97C9 /* Provider */,
			);
			path = Model;
			sourceTree = "<group>";
		};
		667B97EB27622B7B007C97C9 /* View */ = {
			isa = PBXGroup;
			children = (
				667B97F927622E82007C97C9 /* Cell */,
				667B97FA27622EA9007C97C9 /* FeedCardsViewController.swift */,
			);
			path = View;
			sourceTree = "<group>";
		};
		667B97EC27622B80007C97C9 /* ViewModel */ = {
			isa = PBXGroup;
			children = (
				6680784627AD6ED400E2C1B9 /* FeedCardsViewModelCell */,
				6680784527AD6EC300E2C1B9 /* FeedCards */,
			);
			path = ViewModel;
			sourceTree = "<group>";
		};
		667B97ED27622B86007C97C9 /* Resources */ = {
			isa = PBXGroup;
			children = (
				6688445D27AC22B000C072E4 /* Constants */,
				667B97F427622D0B007C97C9 /* Enum */,
				667B97EE27622C2F007C97C9 /* Extension */,
				667B97F127622CAD007C97C9 /* Mock */,
				6688445E27AC22B900C072E4 /* Utils */,
			);
			path = Resources;
			sourceTree = "<group>";
		};
		667B97EE27622C2F007C97C9 /* Extension */ = {
			isa = PBXGroup;
			children = (
				667B97EF27622C46007C97C9 /* UIImageViewExtension.swift */,
				6688446127AC24ED00C072E4 /* CGFloatExtension.swift */,
				6688446327AC2C8D00C072E4 /* UIFontExtension.swift */,
				668844A627AC89ED00C072E4 /* StringExtension.swift */,
			);
			path = Extension;
			sourceTree = "<group>";
		};
		667B97F127622CAD007C97C9 /* Mock */ = {
			isa = PBXGroup;
			children = (
				662FE8AD27AD8C0500E826F6 /* response_feed_mock_test.json */,
				667B97F227622CCF007C97C9 /* response_feed_mock.json */,
			);
			path = Mock;
			sourceTree = "<group>";
		};
		667B97F427622D0B007C97C9 /* Enum */ = {
			isa = PBXGroup;
			children = (
				668844A827AC91B600C072E4 /* LocalizableStrings.swift */,
				667B9817276230E8007C97C9 /* NetworkError.swift */,
				6688445F27AC23CB00C072E4 /* OperationState.swift */,
				667B97F527622D1A007C97C9 /* TagType.swift */,
			);
			path = Enum;
			sourceTree = "<group>";
		};
		667B97F927622E82007C97C9 /* Cell */ = {
			isa = PBXGroup;
			children = (
				667B97FC27622F24007C97C9 /* FeedCardsTableViewCell.swift */,
			);
			path = Cell;
			sourceTree = "<group>";
		};
		667B980227622FCD007C97C9 /* Business */ = {
			isa = PBXGroup;
			children = (
				667B980727623012007C97C9 /* ImageBusinessProtocol.swift */,
				667B98092762301C007C97C9 /* ImageBusiness.swift */,
			);
			path = Business;
			sourceTree = "<group>";
		};
		667B980327622FD8007C97C9 /* Entity */ = {
			isa = PBXGroup;
			children = (
				667B980527622FEF007C97C9 /* FeedResult.swift */,
			);
			path = Entity;
			sourceTree = "<group>";
		};
		667B980B27623050007C97C9 /* Manager */ = {
			isa = PBXGroup;
			children = (
				667B980C27623064007C97C9 /* FeedManagerProtocol.swift */,
				667B980E27623076007C97C9 /* FeedManager.swift */,
			);
			path = Manager;
			sourceTree = "<group>";
		};
		667B981027623089007C97C9 /* Operations */ = {
			isa = PBXGroup;
			children = (
				667B98112762309A007C97C9 /* AsyncOperation.swift */,
				667B9813276230B2007C97C9 /* FeedDataOperation.swift */,
			);
			path = Operations;
			sourceTree = "<group>";
		};
		667B9815276230CB007C97C9 /* Provider */ = {
			isa = PBXGroup;
			children = (
				667B9819276230FF007C97C9 /* API */,
			);
			path = Provider;
			sourceTree = "<group>";
		};
		667B9819276230FF007C97C9 /* API */ = {
			isa = PBXGroup;
			children = (
				667B981A27623113007C97C9 /* FeedAPIProviderProtocol.swift */,
				667B981C27623130007C97C9 /* FeedAPIProvider.swift */,
				667B981E27623160007C97C9 /* FeedAPIProviderMock.swift */,
			);
			path = API;
			sourceTree = "<group>";
		};
		667B982727623311007C97C9 /* FeedCardsTests */ = {
			isa = PBXGroup;
			children = (
				662FE8AB27AD861900E826F6 /* FeedCardsViewModelCellTests.swift */,
				662FE8AF27AD8DE400E826F6 /* FeedManagerTests.swift */,
			);
			path = FeedCardsTests;
			sourceTree = "<group>";
		};
		6680784527AD6EC300E2C1B9 /* FeedCards */ = {
			isa = PBXGroup;
			children = (
				667B97FE27622F7E007C97C9 /* FeedCardsViewModel.swift */,
				667B980027622F85007C97C9 /* FeedCardsViewModelProtocol.swift */,
			);
			path = FeedCards;
			sourceTree = "<group>";
		};
		6680784627AD6ED400E2C1B9 /* FeedCardsViewModelCell */ = {
			isa = PBXGroup;
			children = (
				6680784927AD6F3F00E2C1B9 /* FeedCardsViewModelCell.swift */,
				6680784727AD6EEE00E2C1B9 /* FeedCardsViewModelCellProtocol.swift */,
			);
			path = FeedCardsViewModelCell;
			sourceTree = "<group>";
		};
		6688445D27AC22B000C072E4 /* Constants */ = {
			isa = PBXGroup;
			children = (
				668844AE27AC93DF00C072E4 /* Localizable.strings */,
			);
			path = Constants;
			sourceTree = "<group>";
		};
		6688445E27AC22B900C072E4 /* Utils */ = {
			isa = PBXGroup;
			children = (
				667B9820276231A5007C97C9 /* ShadowView.swift */,
			);
			path = Utils;
			sourceTree = "<group>";
		};
		6688446527AC36FF00C072E4 /* Features */ = {
			isa = PBXGroup;
			children = (
				667B97EC27622B80007C97C9 /* ViewModel */,
				667B97EB27622B7B007C97C9 /* View */,
				667B97EA27622B75007C97C9 /* Model */,
			);
			path = Features;
			sourceTree = "<group>";
		};
		C1F6898471DA4FA8CFCAD2DA /* Pods */ = {
			isa = PBXGroup;
			children = (
				0C47C13BE4791B7A752D65AE /* Pods-FeedCards.debug.xcconfig */,
				FF0AAD75F5125404AC0364EE /* Pods-FeedCards.release.xcconfig */,
			);
			path = Pods;
			sourceTree = "<group>";
		};
/* End PBXGroup section */

/* Begin PBXNativeTarget section */
		667B97D227622A26007C97C9 /* FeedCards */ = {
			isa = PBXNativeTarget;
			buildConfigurationList = 667B97E727622A28007C97C9 /* Build configuration list for PBXNativeTarget "FeedCards" */;
			buildPhases = (
				0C0A02473A271D69E07F4A5A /* [CP] Check Pods Manifest.lock */,
				667B97CF27622A26007C97C9 /* Sources */,
				667B97D027622A26007C97C9 /* Frameworks */,
				667B97D127622A26007C97C9 /* Resources */,
				C8D9D0C1F390A3B78CA30CAC /* [CP] Embed Pods Frameworks */,
			);
			buildRules = (
			);
			dependencies = (
			);
			name = FeedCards;
			productName = FeedCards;
			productReference = 667B97D327622A26007C97C9 /* FeedCards.app */;
			productType = "com.apple.product-type.application";
		};
		667B982527623311007C97C9 /* FeedCardsTests */ = {
			isa = PBXNativeTarget;
			buildConfigurationList = 667B982C27623311007C97C9 /* Build configuration list for PBXNativeTarget "FeedCardsTests" */;
			buildPhases = (
				667B982227623311007C97C9 /* Sources */,
				667B982327623311007C97C9 /* Frameworks */,
				667B982427623311007C97C9 /* Resources */,
			);
			buildRules = (
			);
			dependencies = (
				667B982B27623311007C97C9 /* PBXTargetDependency */,
			);
			name = FeedCardsTests;
			productName = FeedCardsTests;
			productReference = 667B982627623311007C97C9 /* FeedCardsTests.xctest */;
			productType = "com.apple.product-type.bundle.unit-test";
		};
/* End PBXNativeTarget section */

/* Begin PBXProject section */
		667B97CB27622A26007C97C9 /* Project object */ = {
			isa = PBXProject;
			attributes = {
				BuildIndependentTargetsInParallel = 1;
				LastSwiftUpdateCheck = 1310;
				LastUpgradeCheck = 1310;
				TargetAttributes = {
					667B97D227622A26007C97C9 = {
						CreatedOnToolsVersion = 13.1;
					};
					667B982527623311007C97C9 = {
						CreatedOnToolsVersion = 13.1;
						TestTargetID = 667B97D227622A26007C97C9;
					};
				};
			};
			buildConfigurationList = 667B97CE27622A26007C97C9 /* Build configuration list for PBXProject "FeedCards" */;
			compatibilityVersion = "Xcode 13.0";
			developmentRegion = en;
			hasScannedForEncodings = 0;
			knownRegions = (
				en,
				Base,
			);
			mainGroup = 667B97CA27622A26007C97C9;
			productRefGroup = 667B97D427622A26007C97C9 /* Products */;
			projectDirPath = "";
			projectRoot = "";
			targets = (
				667B97D227622A26007C97C9 /* FeedCards */,
				667B982527623311007C97C9 /* FeedCardsTests */,
			);
		};
/* End PBXProject section */

/* Begin PBXResourcesBuildPhase section */
		667B97D127622A26007C97C9 /* Resources */ = {
			isa = PBXResourcesBuildPhase;
			buildActionMask = 2147483647;
			files = (
				667B97F327622CCF007C97C9 /* response_feed_mock.json in Resources */,
				668844AC27AC93DF00C072E4 /* Localizable.strings in Resources */,
				662FE8AE27AD8C0500E826F6 /* response_feed_mock_test.json in Resources */,
				667B97E327622A28007C97C9 /* LaunchScreen.storyboard in Resources */,
				667B97E027622A28007C97C9 /* Assets.xcassets in Resources */,
			);
			runOnlyForDeploymentPostprocessing = 0;
		};
		667B982427623311007C97C9 /* Resources */ = {
			isa = PBXResourcesBuildPhase;
			buildActionMask = 2147483647;
			files = (
			);
			runOnlyForDeploymentPostprocessing = 0;
		};
/* End PBXResourcesBuildPhase section */

/* Begin PBXShellScriptBuildPhase section */
		0C0A02473A271D69E07F4A5A /* [CP] Check Pods Manifest.lock */ = {
			isa = PBXShellScriptBuildPhase;
			buildActionMask = 2147483647;
			files = (
			);
			inputFileListPaths = (
			);
			inputPaths = (
				"${PODS_PODFILE_DIR_PATH}/Podfile.lock",
				"${PODS_ROOT}/Manifest.lock",
			);
			name = "[CP] Check Pods Manifest.lock";
			outputFileListPaths = (
			);
			outputPaths = (
				"$(DERIVED_FILE_DIR)/Pods-FeedCards-checkManifestLockResult.txt",
			);
			runOnlyForDeploymentPostprocessing = 0;
			shellPath = /bin/sh;
			shellScript = "diff \"${PODS_PODFILE_DIR_PATH}/Podfile.lock\" \"${PODS_ROOT}/Manifest.lock\" > /dev/null\nif [ $? != 0 ] ; then\n    # print error to STDERR\n    echo \"error: The sandbox is not in sync with the Podfile.lock. Run 'pod install' or update your CocoaPods installation.\" >&2\n    exit 1\nfi\n# This output is used by Xcode 'outputs' to avoid re-running this script phase.\necho \"SUCCESS\" > \"${SCRIPT_OUTPUT_FILE_0}\"\n";
			showEnvVarsInLog = 0;
		};
		C8D9D0C1F390A3B78CA30CAC /* [CP] Embed Pods Frameworks */ = {
			isa = PBXShellScriptBuildPhase;
			buildActionMask = 2147483647;
			files = (
			);
			inputFileListPaths = (
				"${PODS_ROOT}/Target Support Files/Pods-FeedCards/Pods-FeedCards-frameworks-${CONFIGURATION}-input-files.xcfilelist",
			);
			name = "[CP] Embed Pods Frameworks";
			outputFileListPaths = (
				"${PODS_ROOT}/Target Support Files/Pods-FeedCards/Pods-FeedCards-frameworks-${CONFIGURATION}-output-files.xcfilelist",
			);
			runOnlyForDeploymentPostprocessing = 0;
			shellPath = /bin/sh;
			shellScript = "\"${PODS_ROOT}/Target Support Files/Pods-FeedCards/Pods-FeedCards-frameworks.sh\"\n";
			showEnvVarsInLog = 0;
		};
/* End PBXShellScriptBuildPhase section */

/* Begin PBXSourcesBuildPhase section */
		667B97CF27622A26007C97C9 /* Sources */ = {
			isa = PBXSourcesBuildPhase;
			buildActionMask = 2147483647;
			files = (
				667B9818276230E8007C97C9 /* NetworkError.swift in Sources */,
				667B981B27623113007C97C9 /* FeedAPIProviderProtocol.swift in Sources */,
				667B97FF27622F7E007C97C9 /* FeedCardsViewModel.swift in Sources */,
				6688446027AC23CB00C072E4 /* OperationState.swift in Sources */,
				667B981F27623160007C97C9 /* FeedAPIProviderMock.swift in Sources */,
				667B9814276230B2007C97C9 /* FeedDataOperation.swift in Sources */,
				667B980A2762301C007C97C9 /* ImageBusiness.swift in Sources */,
				668844A727AC89ED00C072E4 /* StringExtension.swift in Sources */,
				667B9821276231A5007C97C9 /* ShadowView.swift in Sources */,
				667B97D727622A26007C97C9 /* AppDelegate.swift in Sources */,
				667B97FD27622F24007C97C9 /* FeedCardsTableViewCell.swift in Sources */,
				6688446427AC2C8D00C072E4 /* UIFontExtension.swift in Sources */,
				6680784827AD6EEE00E2C1B9 /* FeedCardsViewModelCellProtocol.swift in Sources */,
				667B980127622F85007C97C9 /* FeedCardsViewModelProtocol.swift in Sources */,
				667B981D27623130007C97C9 /* FeedAPIProvider.swift in Sources */,
				667B980D27623064007C97C9 /* FeedManagerProtocol.swift in Sources */,
				667B97FB27622EA9007C97C9 /* FeedCardsViewController.swift in Sources */,
				667B980627622FEF007C97C9 /* FeedResult.swift in Sources */,
				667B980827623012007C97C9 /* ImageBusinessProtocol.swift in Sources */,
				667B97F027622C46007C97C9 /* UIImageViewExtension.swift in Sources */,
				667B980F27623076007C97C9 /* FeedManager.swift in Sources */,
				667B97F627622D1A007C97C9 /* TagType.swift in Sources */,
				6688446227AC24ED00C072E4 /* CGFloatExtension.swift in Sources */,
				667B98122762309A007C97C9 /* AsyncOperation.swift in Sources */,
				667B97D927622A26007C97C9 /* SceneDelegate.swift in Sources */,
				668844A927AC91B600C072E4 /* LocalizableStrings.swift in Sources */,
				6680784A27AD6F3F00E2C1B9 /* FeedCardsViewModelCell.swift in Sources */,
			);
			runOnlyForDeploymentPostprocessing = 0;
		};
		667B982227623311007C97C9 /* Sources */ = {
			isa = PBXSourcesBuildPhase;
			buildActionMask = 2147483647;
			files = (
				662FE8AC27AD861900E826F6 /* FeedCardsViewModelCellTests.swift in Sources */,
				662FE8B027AD8DE400E826F6 /* FeedManagerTests.swift in Sources */,
			);
			runOnlyForDeploymentPostprocessing = 0;
		};
/* End PBXSourcesBuildPhase section */

/* Begin PBXTargetDependency section */
		667B982B27623311007C97C9 /* PBXTargetDependency */ = {
			isa = PBXTargetDependency;
			target = 667B97D227622A26007C97C9 /* FeedCards */;
			targetProxy = 667B982A27623311007C97C9 /* PBXContainerItemProxy */;
		};
/* End PBXTargetDependency section */

/* Begin PBXVariantGroup section */
		667B97E127622A28007C97C9 /* LaunchScreen.storyboard */ = {
			isa = PBXVariantGroup;
			children = (
				667B97E227622A28007C97C9 /* Base */,
			);
			name = LaunchScreen.storyboard;
			sourceTree = "<group>";
		};
		668844AE27AC93DF00C072E4 /* Localizable.strings */ = {
			isa = PBXVariantGroup;
			children = (
				668844AD27AC93DF00C072E4 /* en */,
			);
			name = Localizable.strings;
			sourceTree = "<group>";
		};
/* End PBXVariantGroup section */

/* Begin XCBuildConfiguration section */
		667B97E527622A28007C97C9 /* Debug */ = {
			isa = XCBuildConfiguration;
			buildSettings = {
				ALWAYS_SEARCH_USER_PATHS = NO;
				CLANG_ANALYZER_NONNULL = YES;
				CLANG_ANALYZER_NUMBER_OBJECT_CONVERSION = YES_AGGRESSIVE;
				CLANG_CXX_LANGUAGE_STANDARD = "gnu++17";
				CLANG_CXX_LIBRARY = "libc++";
				CLANG_ENABLE_MODULES = YES;
				CLANG_ENABLE_OBJC_ARC = YES;
				CLANG_ENABLE_OBJC_WEAK = YES;
				CLANG_WARN_BLOCK_CAPTURE_AUTORELEASING = YES;
				CLANG_WARN_BOOL_CONVERSION = YES;
				CLANG_WARN_COMMA = YES;
				CLANG_WARN_CONSTANT_CONVERSION = YES;
				CLANG_WARN_DEPRECATED_OBJC_IMPLEMENTATIONS = YES;
				CLANG_WARN_DIRECT_OBJC_ISA_USAGE = YES_ERROR;
				CLANG_WARN_DOCUMENTATION_COMMENTS = YES;
				CLANG_WARN_EMPTY_BODY = YES;
				CLANG_WARN_ENUM_CONVERSION = YES;
				CLANG_WARN_INFINITE_RECURSION = YES;
				CLANG_WARN_INT_CONVERSION = YES;
				CLANG_WARN_NON_LITERAL_NULL_CONVERSION = YES;
				CLANG_WARN_OBJC_IMPLICIT_RETAIN_SELF = YES;
				CLANG_WARN_OBJC_LITERAL_CONVERSION = YES;
				CLANG_WARN_OBJC_ROOT_CLASS = YES_ERROR;
				CLANG_WARN_QUOTED_INCLUDE_IN_FRAMEWORK_HEADER = YES;
				CLANG_WARN_RANGE_LOOP_ANALYSIS = YES;
				CLANG_WARN_STRICT_PROTOTYPES = YES;
				CLANG_WARN_SUSPICIOUS_MOVE = YES;
				CLANG_WARN_UNGUARDED_AVAILABILITY = YES_AGGRESSIVE;
				CLANG_WARN_UNREACHABLE_CODE = YES;
				CLANG_WARN__DUPLICATE_METHOD_MATCH = YES;
				COPY_PHASE_STRIP = NO;
				DEBUG_INFORMATION_FORMAT = dwarf;
				ENABLE_STRICT_OBJC_MSGSEND = YES;
				ENABLE_TESTABILITY = YES;
				GCC_C_LANGUAGE_STANDARD = gnu11;
				GCC_DYNAMIC_NO_PIC = NO;
				GCC_NO_COMMON_BLOCKS = YES;
				GCC_OPTIMIZATION_LEVEL = 0;
				GCC_PREPROCESSOR_DEFINITIONS = (
					"DEBUG=1",
					"$(inherited)",
				);
				GCC_WARN_64_TO_32_BIT_CONVERSION = YES;
				GCC_WARN_ABOUT_RETURN_TYPE = YES_ERROR;
				GCC_WARN_UNDECLARED_SELECTOR = YES;
				GCC_WARN_UNINITIALIZED_AUTOS = YES_AGGRESSIVE;
				GCC_WARN_UNUSED_FUNCTION = YES;
				GCC_WARN_UNUSED_VARIABLE = YES;
				IPHONEOS_DEPLOYMENT_TARGET = 15.0;
				MTL_ENABLE_DEBUG_INFO = INCLUDE_SOURCE;
				MTL_FAST_MATH = YES;
				ONLY_ACTIVE_ARCH = YES;
				SDKROOT = iphoneos;
				SWIFT_ACTIVE_COMPILATION_CONDITIONS = DEBUG;
				SWIFT_OPTIMIZATION_LEVEL = "-Onone";
			};
			name = Debug;
		};
		667B97E627622A28007C97C9 /* Release */ = {
			isa = XCBuildConfiguration;
			buildSettings = {
				ALWAYS_SEARCH_USER_PATHS = NO;
				CLANG_ANALYZER_NONNULL = YES;
				CLANG_ANALYZER_NUMBER_OBJECT_CONVERSION = YES_AGGRESSIVE;
				CLANG_CXX_LANGUAGE_STANDARD = "gnu++17";
				CLANG_CXX_LIBRARY = "libc++";
				CLANG_ENABLE_MODULES = YES;
				CLANG_ENABLE_OBJC_ARC = YES;
				CLANG_ENABLE_OBJC_WEAK = YES;
				CLANG_WARN_BLOCK_CAPTURE_AUTORELEASING = YES;
				CLANG_WARN_BOOL_CONVERSION = YES;
				CLANG_WARN_COMMA = YES;
				CLANG_WARN_CONSTANT_CONVERSION = YES;
				CLANG_WARN_DEPRECATED_OBJC_IMPLEMENTATIONS = YES;
				CLANG_WARN_DIRECT_OBJC_ISA_USAGE = YES_ERROR;
				CLANG_WARN_DOCUMENTATION_COMMENTS = YES;
				CLANG_WARN_EMPTY_BODY = YES;
				CLANG_WARN_ENUM_CONVERSION = YES;
				CLANG_WARN_INFINITE_RECURSION = YES;
				CLANG_WARN_INT_CONVERSION = YES;
				CLANG_WARN_NON_LITERAL_NULL_CONVERSION = YES;
				CLANG_WARN_OBJC_IMPLICIT_RETAIN_SELF = YES;
				CLANG_WARN_OBJC_LITERAL_CONVERSION = YES;
				CLANG_WARN_OBJC_ROOT_CLASS = YES_ERROR;
				CLANG_WARN_QUOTED_INCLUDE_IN_FRAMEWORK_HEADER = YES;
				CLANG_WARN_RANGE_LOOP_ANALYSIS = YES;
				CLANG_WARN_STRICT_PROTOTYPES = YES;
				CLANG_WARN_SUSPICIOUS_MOVE = YES;
				CLANG_WARN_UNGUARDED_AVAILABILITY = YES_AGGRESSIVE;
				CLANG_WARN_UNREACHABLE_CODE = YES;
				CLANG_WARN__DUPLICATE_METHOD_MATCH = YES;
				COPY_PHASE_STRIP = NO;
				DEBUG_INFORMATION_FORMAT = "dwarf-with-dsym";
				ENABLE_NS_ASSERTIONS = NO;
				ENABLE_STRICT_OBJC_MSGSEND = YES;
				GCC_C_LANGUAGE_STANDARD = gnu11;
				GCC_NO_COMMON_BLOCKS = YES;
				GCC_WARN_64_TO_32_BIT_CONVERSION = YES;
				GCC_WARN_ABOUT_RETURN_TYPE = YES_ERROR;
				GCC_WARN_UNDECLARED_SELECTOR = YES;
				GCC_WARN_UNINITIALIZED_AUTOS = YES_AGGRESSIVE;
				GCC_WARN_UNUSED_FUNCTION = YES;
				GCC_WARN_UNUSED_VARIABLE = YES;
				IPHONEOS_DEPLOYMENT_TARGET = 15.0;
				MTL_ENABLE_DEBUG_INFO = NO;
				MTL_FAST_MATH = YES;
				SDKROOT = iphoneos;
				SWIFT_COMPILATION_MODE = wholemodule;
				SWIFT_OPTIMIZATION_LEVEL = "-O";
				VALIDATE_PRODUCT = YES;
			};
			name = Release;
		};
		667B97E827622A28007C97C9 /* Debug */ = {
			isa = XCBuildConfiguration;
			baseConfigurationReference = 0C47C13BE4791B7A752D65AE /* Pods-FeedCards.debug.xcconfig */;
			buildSettings = {
				ASSETCATALOG_COMPILER_APPICON_NAME = AppIcon;
				ASSETCATALOG_COMPILER_GLOBAL_ACCENT_COLOR_NAME = AccentColor;
				CODE_SIGN_STYLE = Automatic;
				CURRENT_PROJECT_VERSION = 1;
				DEVELOPMENT_TEAM = 8R3B5Q23AC;
				GENERATE_INFOPLIST_FILE = YES;
				INFOPLIST_FILE = FeedCards/Info.plist;
				INFOPLIST_KEY_UIApplicationSupportsIndirectInputEvents = YES;
				INFOPLIST_KEY_UILaunchStoryboardName = LaunchScreen;
				INFOPLIST_KEY_UISupportedInterfaceOrientations_iPad = "UIInterfaceOrientationPortrait UIInterfaceOrientationPortraitUpsideDown UIInterfaceOrientationLandscapeLeft UIInterfaceOrientationLandscapeRight";
				INFOPLIST_KEY_UISupportedInterfaceOrientations_iPhone = "UIInterfaceOrientationPortrait UIInterfaceOrientationLandscapeLeft UIInterfaceOrientationLandscapeRight";
				LD_RUNPATH_SEARCH_PATHS = (
					"$(inherited)",
					"@executable_path/Frameworks",
				);
				MARKETING_VERSION = 1.0;
				PRODUCT_BUNDLE_IDENTIFIER = com.daniel.oliveira.FeedCards;
				PRODUCT_NAME = "$(TARGET_NAME)";
				SWIFT_EMIT_LOC_STRINGS = YES;
				SWIFT_VERSION = 5.0;
				TARGETED_DEVICE_FAMILY = 1;
			};
			name = Debug;
		};
		667B97E927622A28007C97C9 /* Release */ = {
			isa = XCBuildConfiguration;
			baseConfigurationReference = FF0AAD75F5125404AC0364EE /* Pods-FeedCards.release.xcconfig */;
			buildSettings = {
				ASSETCATALOG_COMPILER_APPICON_NAME = AppIcon;
				ASSETCATALOG_COMPILER_GLOBAL_ACCENT_COLOR_NAME = AccentColor;
				CODE_SIGN_STYLE = Automatic;
				CURRENT_PROJECT_VERSION = 1;
				DEVELOPMENT_TEAM = 8R3B5Q23AC;
				GENERATE_INFOPLIST_FILE = YES;
				INFOPLIST_FILE = FeedCards/Info.plist;
				INFOPLIST_KEY_UIApplicationSupportsIndirectInputEvents = YES;
				INFOPLIST_KEY_UILaunchStoryboardName = LaunchScreen;
				INFOPLIST_KEY_UISupportedInterfaceOrientations_iPad = "UIInterfaceOrientationPortrait UIInterfaceOrientationPortraitUpsideDown UIInterfaceOrientationLandscapeLeft UIInterfaceOrientationLandscapeRight";
				INFOPLIST_KEY_UISupportedInterfaceOrientations_iPhone = "UIInterfaceOrientationPortrait UIInterfaceOrientationLandscapeLeft UIInterfaceOrientationLandscapeRight";
				LD_RUNPATH_SEARCH_PATHS = (
					"$(inherited)",
					"@executable_path/Frameworks",
				);
				MARKETING_VERSION = 1.0;
				PRODUCT_BUNDLE_IDENTIFIER = com.daniel.oliveira.FeedCards;
				PRODUCT_NAME = "$(TARGET_NAME)";
				SWIFT_EMIT_LOC_STRINGS = YES;
				SWIFT_VERSION = 5.0;
				TARGETED_DEVICE_FAMILY = 1;
			};
			name = Release;
		};
		667B982D27623311007C97C9 /* Debug */ = {
			isa = XCBuildConfiguration;
			buildSettings = {
				BUNDLE_LOADER = "$(TEST_HOST)";
				CODE_SIGN_STYLE = Automatic;
				CURRENT_PROJECT_VERSION = 1;
				DEVELOPMENT_TEAM = 8R3B5Q23AC;
				GENERATE_INFOPLIST_FILE = YES;
				LD_RUNPATH_SEARCH_PATHS = (
					"$(inherited)",
					"@executable_path/Frameworks",
					"@loader_path/Frameworks",
				);
				MARKETING_VERSION = 1.0;
				PRODUCT_BUNDLE_IDENTIFIER = com.daniel.oliveira.FeedCardsTests;
				PRODUCT_NAME = "$(TARGET_NAME)";
				SWIFT_EMIT_LOC_STRINGS = NO;
				SWIFT_VERSION = 5.0;
				TARGETED_DEVICE_FAMILY = "1,2";
				TEST_HOST = "$(BUILT_PRODUCTS_DIR)/FeedCards.app/FeedCards";
			};
			name = Debug;
		};
		667B982E27623311007C97C9 /* Release */ = {
			isa = XCBuildConfiguration;
			buildSettings = {
				BUNDLE_LOADER = "$(TEST_HOST)";
				CODE_SIGN_STYLE = Automatic;
				CURRENT_PROJECT_VERSION = 1;
				DEVELOPMENT_TEAM = 8R3B5Q23AC;
				GENERATE_INFOPLIST_FILE = YES;
				LD_RUNPATH_SEARCH_PATHS = (
					"$(inherited)",
					"@executable_path/Frameworks",
					"@loader_path/Frameworks",
				);
				MARKETING_VERSION = 1.0;
				PRODUCT_BUNDLE_IDENTIFIER = com.daniel.oliveira.FeedCardsTests;
				PRODUCT_NAME = "$(TARGET_NAME)";
				SWIFT_EMIT_LOC_STRINGS = NO;
				SWIFT_VERSION = 5.0;
				TARGETED_DEVICE_FAMILY = "1,2";
				TEST_HOST = "$(BUILT_PRODUCTS_DIR)/FeedCards.app/FeedCards";
			};
			name = Release;
		};
/* End XCBuildConfiguration section */

/* Begin XCConfigurationList section */
		667B97CE27622A26007C97C9 /* Build configuration list for PBXProject "FeedCards" */ = {
			isa = XCConfigurationList;
			buildConfigurations = (
				667B97E527622A28007C97C9 /* Debug */,
				667B97E627622A28007C97C9 /* Release */,
			);
			defaultConfigurationIsVisible = 0;
			defaultConfigurationName = Release;
		};
		667B97E727622A28007C97C9 /* Build configuration list for PBXNativeTarget "FeedCards" */ = {
			isa = XCConfigurationList;
			buildConfigurations = (
				667B97E827622A28007C97C9 /* Debug */,
				667B97E927622A28007C97C9 /* Release */,
			);
			defaultConfigurationIsVisible = 0;
			defaultConfigurationName = Release;
		};
		667B982C27623311007C97C9 /* Build configuration list for PBXNativeTarget "FeedCardsTests" */ = {
			isa = XCConfigurationList;
			buildConfigurations = (
				667B982D27623311007C97C9 /* Debug */,
				667B982E27623311007C97C9 /* Release */,
			);
			defaultConfigurationIsVisible = 0;
			defaultConfigurationName = Release;
		};
/* End XCConfigurationList section */
	};
	rootObject = 667B97CB27622A26007C97C9 /* Project object */;
}
